// !$*UTF8*$!
{
	archiveVersion = 1;
	classes = {
	};
	objectVersion = 50;
	objects = {

/* Begin PBXBuildFile section */
		9D8E008E20B86F3000B41BDE /* AppDelegate.swift in Sources */ = {isa = PBXBuildFile; fileRef = 9D8E008D20B86F3000B41BDE /* AppDelegate.swift */; };
		9D8E009020B86F3000B41BDE /* ViewController.swift in Sources */ = {isa = PBXBuildFile; fileRef = 9D8E008F20B86F3000B41BDE /* ViewController.swift */; };
		9D8E009320B86F3100B41BDE /* Main.storyboard in Resources */ = {isa = PBXBuildFile; fileRef = 9D8E009120B86F3100B41BDE /* Main.storyboard */; };
		9D8E009620B86F3100B41BDE /* crescendo_ios.xcdatamodeld in Sources */ = {isa = PBXBuildFile; fileRef = 9D8E009420B86F3100B41BDE /* crescendo_ios.xcdatamodeld */; };
		9D8E009820B86F3600B41BDE /* Assets.xcassets in Resources */ = {isa = PBXBuildFile; fileRef = 9D8E009720B86F3600B41BDE /* Assets.xcassets */; };
		9D8E009B20B86F3600B41BDE /* LaunchScreen.storyboard in Resources */ = {isa = PBXBuildFile; fileRef = 9D8E009920B86F3600B41BDE /* LaunchScreen.storyboard */; };
		C10E5CEE20DFF952008FB670 /* ArtistsTableViewController.swift in Sources */ = {isa = PBXBuildFile; fileRef = C10E5CED20DFF952008FB670 /* ArtistsTableViewController.swift */; };
		C10E5CF020E00D0E008FB670 /* ArtistDetailViewController.swift in Sources */ = {isa = PBXBuildFile; fileRef = C10E5CEF20E00D0E008FB670 /* ArtistDetailViewController.swift */; };
		C155153020C43EA500384852 /* Artist.swift in Sources */ = {isa = PBXBuildFile; fileRef = C155152F20C43EA500384852 /* Artist.swift */; };
		C155153220C43EE200384852 /* ArtistViewController.swift in Sources */ = {isa = PBXBuildFile; fileRef = C155153120C43EE200384852 /* ArtistViewController.swift */; };
		C172175620E01C8F00ABC2DF /* FavoritesTableViewController.swift in Sources */ = {isa = PBXBuildFile; fileRef = C172175520E01C8F00ABC2DF /* FavoritesTableViewController.swift */; };
		C172175820E01EE500ABC2DF /* Artwork.swift in Sources */ = {isa = PBXBuildFile; fileRef = C172175720E01EE500ABC2DF /* Artwork.swift */; };
		C172175B20E0255900ABC2DF /* CrescendoApi.swift in Sources */ = {isa = PBXBuildFile; fileRef = C172175A20E0255900ABC2DF /* CrescendoApi.swift */; };
		C17217A820E02B4400ABC2DF /* SwiftyJSON.framework in Frameworks */ = {isa = PBXBuildFile; fileRef = C172179B20E02B3500ABC2DF /* SwiftyJSON.framework */; };
		C17217A920E02B4400ABC2DF /* SwiftyJSON.framework in Embed Frameworks */ = {isa = PBXBuildFile; fileRef = C172179B20E02B3500ABC2DF /* SwiftyJSON.framework */; settings = {ATTRIBUTES = (CodeSignOnCopy, RemoveHeadersOnCopy, ); }; };
		C17217AD20E02B4A00ABC2DF /* AlamofireImage.framework in Frameworks */ = {isa = PBXBuildFile; fileRef = C172178220E02B2E00ABC2DF /* AlamofireImage.framework */; };
		C17217AE20E02B4A00ABC2DF /* AlamofireImage.framework in Embed Frameworks */ = {isa = PBXBuildFile; fileRef = C172178220E02B2E00ABC2DF /* AlamofireImage.framework */; settings = {ATTRIBUTES = (CodeSignOnCopy, RemoveHeadersOnCopy, ); }; };
		C17217B120E02B5000ABC2DF /* Alamofire.framework in Frameworks */ = {isa = PBXBuildFile; fileRef = C172176820E02B2600ABC2DF /* Alamofire.framework */; };
		C17217B220E02B5000ABC2DF /* Alamofire.framework in Embed Frameworks */ = {isa = PBXBuildFile; fileRef = C172176820E02B2600ABC2DF /* Alamofire.framework */; settings = {ATTRIBUTES = (CodeSignOnCopy, RemoveHeadersOnCopy, ); }; };
		C17217B620E048F300ABC2DF /* ArtworkViewController.swift in Sources */ = {isa = PBXBuildFile; fileRef = C17217B520E048F300ABC2DF /* ArtworkViewController.swift */; };
/* End PBXBuildFile section */

/* Begin PBXContainerItemProxy section */
		C172176720E02B2600ABC2DF /* PBXContainerItemProxy */ = {
			isa = PBXContainerItemProxy;
			containerPortal = C172175C20E02B2600ABC2DF /* Alamofire.xcodeproj */;
			proxyType = 2;
			remoteGlobalIDString = F8111E3319A95C8B0040E7D1;
			remoteInfo = "Alamofire iOS";
		};
		C172176920E02B2600ABC2DF /* PBXContainerItemProxy */ = {
			isa = PBXContainerItemProxy;
			containerPortal = C172175C20E02B2600ABC2DF /* Alamofire.xcodeproj */;
			proxyType = 2;
			remoteGlobalIDString = F8111E3E19A95C8B0040E7D1;
			remoteInfo = "Alamofire iOS Tests";
		};
		C172176B20E02B2600ABC2DF /* PBXContainerItemProxy */ = {
			isa = PBXContainerItemProxy;
			containerPortal = C172175C20E02B2600ABC2DF /* Alamofire.xcodeproj */;
			proxyType = 2;
			remoteGlobalIDString = 4DD67C0B1A5C55C900ED2280;
			remoteInfo = "Alamofire macOS";
		};
		C172176D20E02B2600ABC2DF /* PBXContainerItemProxy */ = {
			isa = PBXContainerItemProxy;
			containerPortal = C172175C20E02B2600ABC2DF /* Alamofire.xcodeproj */;
			proxyType = 2;
			remoteGlobalIDString = F829C6B21A7A94F100A2CD59;
			remoteInfo = "Alamofire macOS Tests";
		};
		C172176F20E02B2600ABC2DF /* PBXContainerItemProxy */ = {
			isa = PBXContainerItemProxy;
			containerPortal = C172175C20E02B2600ABC2DF /* Alamofire.xcodeproj */;
			proxyType = 2;
			remoteGlobalIDString = 4CF626EF1BA7CB3E0011A099;
			remoteInfo = "Alamofire tvOS";
		};
		C172177120E02B2600ABC2DF /* PBXContainerItemProxy */ = {
			isa = PBXContainerItemProxy;
			containerPortal = C172175C20E02B2600ABC2DF /* Alamofire.xcodeproj */;
			proxyType = 2;
			remoteGlobalIDString = 4CF626F81BA7CB3E0011A099;
			remoteInfo = "Alamofire tvOS Tests";
		};
		C172177320E02B2600ABC2DF /* PBXContainerItemProxy */ = {
			isa = PBXContainerItemProxy;
			containerPortal = C172175C20E02B2600ABC2DF /* Alamofire.xcodeproj */;
			proxyType = 2;
			remoteGlobalIDString = E4202FE01B667AA100C997FB;
			remoteInfo = "Alamofire watchOS";
		};
		C172178120E02B2E00ABC2DF /* PBXContainerItemProxy */ = {
			isa = PBXContainerItemProxy;
			containerPortal = C172177520E02B2E00ABC2DF /* AlamofireImage.xcodeproj */;
			proxyType = 2;
			remoteGlobalIDString = 4C9043771AABBFC5001B4E60;
			remoteInfo = "AlamofireImage iOS";
		};
		C172178320E02B2E00ABC2DF /* PBXContainerItemProxy */ = {
			isa = PBXContainerItemProxy;
			containerPortal = C172177520E02B2E00ABC2DF /* AlamofireImage.xcodeproj */;
			proxyType = 2;
			remoteGlobalIDString = 4C9043821AABBFC5001B4E60;
			remoteInfo = "AlamofireImage iOS Tests";
		};
		C172178520E02B2E00ABC2DF /* PBXContainerItemProxy */ = {
			isa = PBXContainerItemProxy;
			containerPortal = C172177520E02B2E00ABC2DF /* AlamofireImage.xcodeproj */;
			proxyType = 2;
			remoteGlobalIDString = 4CE611321AABC24E00D35044;
			remoteInfo = "AlamofireImage macOS";
		};
		C172178720E02B2E00ABC2DF /* PBXContainerItemProxy */ = {
			isa = PBXContainerItemProxy;
			containerPortal = C172177520E02B2E00ABC2DF /* AlamofireImage.xcodeproj */;
			proxyType = 2;
			remoteGlobalIDString = 4CE611471AABC5C900D35044;
			remoteInfo = "AlamofireImage macOS Tests";
		};
		C172178920E02B2E00ABC2DF /* PBXContainerItemProxy */ = {
			isa = PBXContainerItemProxy;
			containerPortal = C172177520E02B2E00ABC2DF /* AlamofireImage.xcodeproj */;
			proxyType = 2;
			remoteGlobalIDString = 4C16B37D1BA9399500A66EF0;
			remoteInfo = "AlamofireImage tvOS";
		};
		C172178B20E02B2E00ABC2DF /* PBXContainerItemProxy */ = {
			isa = PBXContainerItemProxy;
			containerPortal = C172177520E02B2E00ABC2DF /* AlamofireImage.xcodeproj */;
			proxyType = 2;
			remoteGlobalIDString = 4C16B3861BA9399500A66EF0;
			remoteInfo = "AlamofireImage tvOS Tests";
		};
		C172178D20E02B2E00ABC2DF /* PBXContainerItemProxy */ = {
			isa = PBXContainerItemProxy;
			containerPortal = C172177520E02B2E00ABC2DF /* AlamofireImage.xcodeproj */;
			proxyType = 2;
			remoteGlobalIDString = 4C4D4EC11B92976900C96855;
			remoteInfo = "AlamofireImage watchOS";
		};
		C172179A20E02B3500ABC2DF /* PBXContainerItemProxy */ = {
			isa = PBXContainerItemProxy;
			containerPortal = C172178F20E02B3500ABC2DF /* SwiftyJSON.xcodeproj */;
			proxyType = 2;
			remoteGlobalIDString = 2E4FEFDB19575BE100351305;
			remoteInfo = "SwiftyJSON iOS";
		};
		C172179C20E02B3500ABC2DF /* PBXContainerItemProxy */ = {
			isa = PBXContainerItemProxy;
			containerPortal = C172178F20E02B3500ABC2DF /* SwiftyJSON.xcodeproj */;
			proxyType = 2;
			remoteGlobalIDString = 2E4FEFE619575BE100351305;
			remoteInfo = "SwiftyJSON iOS Tests";
		};
		C172179E20E02B3500ABC2DF /* PBXContainerItemProxy */ = {
			isa = PBXContainerItemProxy;
			containerPortal = C172178F20E02B3500ABC2DF /* SwiftyJSON.xcodeproj */;
			proxyType = 2;
			remoteGlobalIDString = 9C7DFC5B1A9102BD005AA3F7;
			remoteInfo = "SwiftyJSON macOS";
		};
		C17217A020E02B3500ABC2DF /* PBXContainerItemProxy */ = {
			isa = PBXContainerItemProxy;
			containerPortal = C172178F20E02B3500ABC2DF /* SwiftyJSON.xcodeproj */;
			proxyType = 2;
			remoteGlobalIDString = 9C7DFC651A9102BD005AA3F7;
			remoteInfo = "SwiftyJSON macOS Tests";
		};
		C17217A220E02B3500ABC2DF /* PBXContainerItemProxy */ = {
			isa = PBXContainerItemProxy;
			containerPortal = C172178F20E02B3500ABC2DF /* SwiftyJSON.xcodeproj */;
			proxyType = 2;
			remoteGlobalIDString = E4D7CCE81B9465A700EE7221;
			remoteInfo = "SwiftyJSON watchOS";
		};
		C17217A420E02B3500ABC2DF /* PBXContainerItemProxy */ = {
			isa = PBXContainerItemProxy;
			containerPortal = C172178F20E02B3500ABC2DF /* SwiftyJSON.xcodeproj */;
			proxyType = 2;
			remoteGlobalIDString = 7236B4F61BAC14150020529B;
			remoteInfo = "SwiftyJSON tvOS";
		};
		C17217A620E02B3500ABC2DF /* PBXContainerItemProxy */ = {
			isa = PBXContainerItemProxy;
			containerPortal = C172178F20E02B3500ABC2DF /* SwiftyJSON.xcodeproj */;
			proxyType = 2;
			remoteGlobalIDString = A8580F741BCF5C5B00DA927B;
			remoteInfo = "SwiftyJSON tvOS Tests";
		};
		C17217AA20E02B4400ABC2DF /* PBXContainerItemProxy */ = {
			isa = PBXContainerItemProxy;
			containerPortal = C172178F20E02B3500ABC2DF /* SwiftyJSON.xcodeproj */;
			proxyType = 1;
			remoteGlobalIDString = 2E4FEFDA19575BE100351305;
			remoteInfo = "SwiftyJSON iOS";
		};
		C17217AF20E02B4A00ABC2DF /* PBXContainerItemProxy */ = {
			isa = PBXContainerItemProxy;
			containerPortal = C172177520E02B2E00ABC2DF /* AlamofireImage.xcodeproj */;
			proxyType = 1;
			remoteGlobalIDString = 4C9043761AABBFC5001B4E60;
			remoteInfo = "AlamofireImage iOS";
		};
		C17217B320E02B5000ABC2DF /* PBXContainerItemProxy */ = {
			isa = PBXContainerItemProxy;
			containerPortal = C172175C20E02B2600ABC2DF /* Alamofire.xcodeproj */;
			proxyType = 1;
			remoteGlobalIDString = F8111E3219A95C8B0040E7D1;
			remoteInfo = "Alamofire iOS";
		};
/* End PBXContainerItemProxy section */

/* Begin PBXCopyFilesBuildPhase section */
		C17217AC20E02B4400ABC2DF /* Embed Frameworks */ = {
			isa = PBXCopyFilesBuildPhase;
			buildActionMask = 2147483647;
			dstPath = "";
			dstSubfolderSpec = 10;
			files = (
				C17217A920E02B4400ABC2DF /* SwiftyJSON.framework in Embed Frameworks */,
				C17217B220E02B5000ABC2DF /* Alamofire.framework in Embed Frameworks */,
				C17217AE20E02B4A00ABC2DF /* AlamofireImage.framework in Embed Frameworks */,
			);
			name = "Embed Frameworks";
			runOnlyForDeploymentPostprocessing = 0;
		};
/* End PBXCopyFilesBuildPhase section */

/* Begin PBXFileReference section */
		9D8E008A20B86F3000B41BDE /* crescendo-ios.app */ = {isa = PBXFileReference; explicitFileType = wrapper.application; includeInIndex = 0; path = "crescendo-ios.app"; sourceTree = BUILT_PRODUCTS_DIR; };
		9D8E008D20B86F3000B41BDE /* AppDelegate.swift */ = {isa = PBXFileReference; lastKnownFileType = sourcecode.swift; path = AppDelegate.swift; sourceTree = "<group>"; };
		9D8E008F20B86F3000B41BDE /* ViewController.swift */ = {isa = PBXFileReference; lastKnownFileType = sourcecode.swift; path = ViewController.swift; sourceTree = "<group>"; };
		9D8E009220B86F3100B41BDE /* Base */ = {isa = PBXFileReference; lastKnownFileType = file.storyboard; name = Base; path = Base.lproj/Main.storyboard; sourceTree = "<group>"; };
		9D8E009520B86F3100B41BDE /* crescendo_ios.xcdatamodel */ = {isa = PBXFileReference; lastKnownFileType = wrapper.xcdatamodel; path = crescendo_ios.xcdatamodel; sourceTree = "<group>"; };
		9D8E009720B86F3600B41BDE /* Assets.xcassets */ = {isa = PBXFileReference; lastKnownFileType = folder.assetcatalog; path = Assets.xcassets; sourceTree = "<group>"; };
		9D8E009A20B86F3600B41BDE /* Base */ = {isa = PBXFileReference; lastKnownFileType = file.storyboard; name = Base; path = Base.lproj/LaunchScreen.storyboard; sourceTree = "<group>"; };
		9D8E009C20B86F3600B41BDE /* Info.plist */ = {isa = PBXFileReference; lastKnownFileType = text.plist.xml; path = Info.plist; sourceTree = "<group>"; };
		C10E5CED20DFF952008FB670 /* ArtistsTableViewController.swift */ = {isa = PBXFileReference; lastKnownFileType = sourcecode.swift; path = ArtistsTableViewController.swift; sourceTree = "<group>"; };
		C10E5CEF20E00D0E008FB670 /* ArtistDetailViewController.swift */ = {isa = PBXFileReference; lastKnownFileType = sourcecode.swift; path = ArtistDetailViewController.swift; sourceTree = "<group>"; };
		C155152F20C43EA500384852 /* Artist.swift */ = {isa = PBXFileReference; lastKnownFileType = sourcecode.swift; path = Artist.swift; sourceTree = "<group>"; };
		C155153120C43EE200384852 /* ArtistViewController.swift */ = {isa = PBXFileReference; lastKnownFileType = sourcecode.swift; path = ArtistViewController.swift; sourceTree = "<group>"; };
		C172175520E01C8F00ABC2DF /* FavoritesTableViewController.swift */ = {isa = PBXFileReference; lastKnownFileType = sourcecode.swift; path = FavoritesTableViewController.swift; sourceTree = "<group>"; };
		C172175720E01EE500ABC2DF /* Artwork.swift */ = {isa = PBXFileReference; lastKnownFileType = sourcecode.swift; path = Artwork.swift; sourceTree = "<group>"; };
		C172175A20E0255900ABC2DF /* CrescendoApi.swift */ = {isa = PBXFileReference; lastKnownFileType = sourcecode.swift; path = CrescendoApi.swift; sourceTree = "<group>"; };
		C172175C20E02B2600ABC2DF /* Alamofire.xcodeproj */ = {isa = PBXFileReference; lastKnownFileType = "wrapper.pb-project"; name = Alamofire.xcodeproj; path = Alamofire/Alamofire.xcodeproj; sourceTree = "<group>"; };
		C172177520E02B2E00ABC2DF /* AlamofireImage.xcodeproj */ = {isa = PBXFileReference; lastKnownFileType = "wrapper.pb-project"; name = AlamofireImage.xcodeproj; path = AlamofireImage/AlamofireImage.xcodeproj; sourceTree = "<group>"; };
		C172178F20E02B3500ABC2DF /* SwiftyJSON.xcodeproj */ = {isa = PBXFileReference; lastKnownFileType = "wrapper.pb-project"; name = SwiftyJSON.xcodeproj; path = SwiftyJSON/SwiftyJSON.xcodeproj; sourceTree = "<group>"; };
		C17217B520E048F300ABC2DF /* ArtworkViewController.swift */ = {isa = PBXFileReference; lastKnownFileType = sourcecode.swift; path = ArtworkViewController.swift; sourceTree = "<group>"; };
/* End PBXFileReference section */

/* Begin PBXFrameworksBuildPhase section */
		9D8E008720B86F3000B41BDE /* Frameworks */ = {
			isa = PBXFrameworksBuildPhase;
			buildActionMask = 2147483647;
			files = (
				C17217A820E02B4400ABC2DF /* SwiftyJSON.framework in Frameworks */,
				C17217B120E02B5000ABC2DF /* Alamofire.framework in Frameworks */,
				C17217AD20E02B4A00ABC2DF /* AlamofireImage.framework in Frameworks */,
			);
			runOnlyForDeploymentPostprocessing = 0;
		};
/* End PBXFrameworksBuildPhase section */

/* Begin PBXGroup section */
		9D8E008120B86F3000B41BDE = {
			isa = PBXGroup;
			children = (
				C172178F20E02B3500ABC2DF /* SwiftyJSON.xcodeproj */,
				C172177520E02B2E00ABC2DF /* AlamofireImage.xcodeproj */,
				C172175C20E02B2600ABC2DF /* Alamofire.xcodeproj */,
				9D8E008C20B86F3000B41BDE /* crescendo-ios */,
				9D8E008B20B86F3000B41BDE /* Products */,
			);
			sourceTree = "<group>";
		};
		9D8E008B20B86F3000B41BDE /* Products */ = {
			isa = PBXGroup;
			children = (
				9D8E008A20B86F3000B41BDE /* crescendo-ios.app */,
			);
			name = Products;
			sourceTree = "<group>";
		};
		9D8E008C20B86F3000B41BDE /* crescendo-ios */ = {
			isa = PBXGroup;
			children = (
				C172175920E0247C00ABC2DF /* Network */,
				C155152E20C43E8E00384852 /* ViewController */,
				C155152D20C43E8300384852 /* Model */,
				9D8E008D20B86F3000B41BDE /* AppDelegate.swift */,
				9D8E008F20B86F3000B41BDE /* ViewController.swift */,
				9D8E009120B86F3100B41BDE /* Main.storyboard */,
				9D8E009720B86F3600B41BDE /* Assets.xcassets */,
				9D8E009920B86F3600B41BDE /* LaunchScreen.storyboard */,
				9D8E009C20B86F3600B41BDE /* Info.plist */,
				9D8E009420B86F3100B41BDE /* crescendo_ios.xcdatamodeld */,
			);
			path = "crescendo-ios";
			sourceTree = "<group>";
		};
		C155152D20C43E8300384852 /* Model */ = {
			isa = PBXGroup;
			children = (
				C155152F20C43EA500384852 /* Artist.swift */,
				C172175720E01EE500ABC2DF /* Artwork.swift */,
			);
			path = Model;
			sourceTree = "<group>";
		};
		C155152E20C43E8E00384852 /* ViewController */ = {
			isa = PBXGroup;
			children = (
				C155153120C43EE200384852 /* ArtistViewController.swift */,
				C10E5CED20DFF952008FB670 /* ArtistsTableViewController.swift */,
				C10E5CEF20E00D0E008FB670 /* ArtistDetailViewController.swift */,
				C172175520E01C8F00ABC2DF /* FavoritesTableViewController.swift */,
				C17217B520E048F300ABC2DF /* ArtworkViewController.swift */,
			);
			path = ViewController;
			sourceTree = "<group>";
		};
		C172175920E0247C00ABC2DF /* Network */ = {
			isa = PBXGroup;
			children = (
				C172175A20E0255900ABC2DF /* CrescendoApi.swift */,
			);
			path = Network;
			sourceTree = "<group>";
		};
		C172175D20E02B2600ABC2DF /* Products */ = {
			isa = PBXGroup;
			children = (
				C172176820E02B2600ABC2DF /* Alamofire.framework */,
				C172176A20E02B2600ABC2DF /* Alamofire iOS Tests.xctest */,
				C172176C20E02B2600ABC2DF /* Alamofire.framework */,
				C172176E20E02B2600ABC2DF /* Alamofire macOS Tests.xctest */,
				C172177020E02B2600ABC2DF /* Alamofire.framework */,
				C172177220E02B2600ABC2DF /* Alamofire tvOS Tests.xctest */,
				C172177420E02B2600ABC2DF /* Alamofire.framework */,
			);
			name = Products;
			sourceTree = "<group>";
		};
		C172177620E02B2E00ABC2DF /* Products */ = {
			isa = PBXGroup;
			children = (
				C172178220E02B2E00ABC2DF /* AlamofireImage.framework */,
				C172178420E02B2E00ABC2DF /* AlamofireImage iOS Tests.xctest */,
				C172178620E02B2E00ABC2DF /* AlamofireImage.framework */,
				C172178820E02B2E00ABC2DF /* AlamofireImage macOS Tests.xctest */,
				C172178A20E02B2E00ABC2DF /* AlamofireImage.framework */,
				C172178C20E02B2E00ABC2DF /* AlamofireImage tvOS Tests.xctest */,
				C172178E20E02B2E00ABC2DF /* AlamofireImage.framework */,
			);
			name = Products;
			sourceTree = "<group>";
		};
		C172179020E02B3500ABC2DF /* Products */ = {
			isa = PBXGroup;
			children = (
				C172179B20E02B3500ABC2DF /* SwiftyJSON.framework */,
				C172179D20E02B3500ABC2DF /* SwiftyJSON iOS Tests.xctest */,
				C172179F20E02B3500ABC2DF /* SwiftyJSON.framework */,
				C17217A120E02B3500ABC2DF /* SwiftyJSON macOS Tests.xctest */,
				C17217A320E02B3500ABC2DF /* SwiftyJSON.framework */,
				C17217A520E02B3500ABC2DF /* SwiftyJSON.framework */,
				C17217A720E02B3500ABC2DF /* SwiftyJSON tvOS Tests.xctest */,
			);
			name = Products;
			sourceTree = "<group>";
		};
/* End PBXGroup section */

/* Begin PBXNativeTarget section */
		9D8E008920B86F3000B41BDE /* crescendo-ios */ = {
			isa = PBXNativeTarget;
			buildConfigurationList = 9D8E009F20B86F3600B41BDE /* Build configuration list for PBXNativeTarget "crescendo-ios" */;
			buildPhases = (
				9D8E008620B86F3000B41BDE /* Sources */,
				9D8E008720B86F3000B41BDE /* Frameworks */,
				9D8E008820B86F3000B41BDE /* Resources */,
				C17217AC20E02B4400ABC2DF /* Embed Frameworks */,
			);
			buildRules = (
			);
			dependencies = (
				C17217AB20E02B4400ABC2DF /* PBXTargetDependency */,
				C17217B020E02B4A00ABC2DF /* PBXTargetDependency */,
				C17217B420E02B5000ABC2DF /* PBXTargetDependency */,
			);
			name = "crescendo-ios";
			productName = "crescendo-ios";
			productReference = 9D8E008A20B86F3000B41BDE /* crescendo-ios.app */;
			productType = "com.apple.product-type.application";
		};
/* End PBXNativeTarget section */

/* Begin PBXProject section */
		9D8E008220B86F3000B41BDE /* Project object */ = {
			isa = PBXProject;
			attributes = {
				LastSwiftUpdateCheck = 0930;
				LastUpgradeCheck = 0930;
				ORGANIZATIONNAME = forkd;
				TargetAttributes = {
					9D8E008920B86F3000B41BDE = {
						CreatedOnToolsVersion = 9.3;
					};
				};
			};
			buildConfigurationList = 9D8E008520B86F3000B41BDE /* Build configuration list for PBXProject "crescendo-ios" */;
			compatibilityVersion = "Xcode 9.3";
			developmentRegion = en;
			hasScannedForEncodings = 0;
			knownRegions = (
				en,
				Base,
			);
			mainGroup = 9D8E008120B86F3000B41BDE;
			productRefGroup = 9D8E008B20B86F3000B41BDE /* Products */;
			projectDirPath = "";
			projectReferences = (
				{
					ProductGroup = C172175D20E02B2600ABC2DF /* Products */;
					ProjectRef = C172175C20E02B2600ABC2DF /* Alamofire.xcodeproj */;
				},
				{
					ProductGroup = C172177620E02B2E00ABC2DF /* Products */;
					ProjectRef = C172177520E02B2E00ABC2DF /* AlamofireImage.xcodeproj */;
				},
				{
					ProductGroup = C172179020E02B3500ABC2DF /* Products */;
					ProjectRef = C172178F20E02B3500ABC2DF /* SwiftyJSON.xcodeproj */;
				},
			);
			projectRoot = "";
			targets = (
				9D8E008920B86F3000B41BDE /* crescendo-ios */,
			);
		};
/* End PBXProject section */

/* Begin PBXReferenceProxy section */
		C172176820E02B2600ABC2DF /* Alamofire.framework */ = {
			isa = PBXReferenceProxy;
			fileType = wrapper.framework;
			path = Alamofire.framework;
			remoteRef = C172176720E02B2600ABC2DF /* PBXContainerItemProxy */;
			sourceTree = BUILT_PRODUCTS_DIR;
		};
		C172176A20E02B2600ABC2DF /* Alamofire iOS Tests.xctest */ = {
			isa = PBXReferenceProxy;
			fileType = wrapper.cfbundle;
			path = "Alamofire iOS Tests.xctest";
			remoteRef = C172176920E02B2600ABC2DF /* PBXContainerItemProxy */;
			sourceTree = BUILT_PRODUCTS_DIR;
		};
		C172176C20E02B2600ABC2DF /* Alamofire.framework */ = {
			isa = PBXReferenceProxy;
			fileType = wrapper.framework;
			path = Alamofire.framework;
			remoteRef = C172176B20E02B2600ABC2DF /* PBXContainerItemProxy */;
			sourceTree = BUILT_PRODUCTS_DIR;
		};
		C172176E20E02B2600ABC2DF /* Alamofire macOS Tests.xctest */ = {
			isa = PBXReferenceProxy;
			fileType = wrapper.cfbundle;
			path = "Alamofire macOS Tests.xctest";
			remoteRef = C172176D20E02B2600ABC2DF /* PBXContainerItemProxy */;
			sourceTree = BUILT_PRODUCTS_DIR;
		};
		C172177020E02B2600ABC2DF /* Alamofire.framework */ = {
			isa = PBXReferenceProxy;
			fileType = wrapper.framework;
			path = Alamofire.framework;
			remoteRef = C172176F20E02B2600ABC2DF /* PBXContainerItemProxy */;
			sourceTree = BUILT_PRODUCTS_DIR;
		};
		C172177220E02B2600ABC2DF /* Alamofire tvOS Tests.xctest */ = {
			isa = PBXReferenceProxy;
			fileType = wrapper.cfbundle;
			path = "Alamofire tvOS Tests.xctest";
			remoteRef = C172177120E02B2600ABC2DF /* PBXContainerItemProxy */;
			sourceTree = BUILT_PRODUCTS_DIR;
		};
		C172177420E02B2600ABC2DF /* Alamofire.framework */ = {
			isa = PBXReferenceProxy;
			fileType = wrapper.framework;
			path = Alamofire.framework;
			remoteRef = C172177320E02B2600ABC2DF /* PBXContainerItemProxy */;
			sourceTree = BUILT_PRODUCTS_DIR;
		};
		C172178220E02B2E00ABC2DF /* AlamofireImage.framework */ = {
			isa = PBXReferenceProxy;
			fileType = wrapper.framework;
			path = AlamofireImage.framework;
			remoteRef = C172178120E02B2E00ABC2DF /* PBXContainerItemProxy */;
			sourceTree = BUILT_PRODUCTS_DIR;
		};
		C172178420E02B2E00ABC2DF /* AlamofireImage iOS Tests.xctest */ = {
			isa = PBXReferenceProxy;
			fileType = wrapper.cfbundle;
			path = "AlamofireImage iOS Tests.xctest";
			remoteRef = C172178320E02B2E00ABC2DF /* PBXContainerItemProxy */;
			sourceTree = BUILT_PRODUCTS_DIR;
		};
		C172178620E02B2E00ABC2DF /* AlamofireImage.framework */ = {
			isa = PBXReferenceProxy;
			fileType = wrapper.framework;
			path = AlamofireImage.framework;
			remoteRef = C172178520E02B2E00ABC2DF /* PBXContainerItemProxy */;
			sourceTree = BUILT_PRODUCTS_DIR;
		};
		C172178820E02B2E00ABC2DF /* AlamofireImage macOS Tests.xctest */ = {
			isa = PBXReferenceProxy;
			fileType = wrapper.cfbundle;
			path = "AlamofireImage macOS Tests.xctest";
			remoteRef = C172178720E02B2E00ABC2DF /* PBXContainerItemProxy */;
			sourceTree = BUILT_PRODUCTS_DIR;
		};
		C172178A20E02B2E00ABC2DF /* AlamofireImage.framework */ = {
			isa = PBXReferenceProxy;
			fileType = wrapper.framework;
			path = AlamofireImage.framework;
			remoteRef = C172178920E02B2E00ABC2DF /* PBXContainerItemProxy */;
			sourceTree = BUILT_PRODUCTS_DIR;
		};
		C172178C20E02B2E00ABC2DF /* AlamofireImage tvOS Tests.xctest */ = {
			isa = PBXReferenceProxy;
			fileType = wrapper.cfbundle;
			path = "AlamofireImage tvOS Tests.xctest";
			remoteRef = C172178B20E02B2E00ABC2DF /* PBXContainerItemProxy */;
			sourceTree = BUILT_PRODUCTS_DIR;
		};
		C172178E20E02B2E00ABC2DF /* AlamofireImage.framework */ = {
			isa = PBXReferenceProxy;
			fileType = wrapper.framework;
			path = AlamofireImage.framework;
			remoteRef = C172178D20E02B2E00ABC2DF /* PBXContainerItemProxy */;
			sourceTree = BUILT_PRODUCTS_DIR;
		};
		C172179B20E02B3500ABC2DF /* SwiftyJSON.framework */ = {
			isa = PBXReferenceProxy;
			fileType = wrapper.framework;
			path = SwiftyJSON.framework;
			remoteRef = C172179A20E02B3500ABC2DF /* PBXContainerItemProxy */;
			sourceTree = BUILT_PRODUCTS_DIR;
		};
		C172179D20E02B3500ABC2DF /* SwiftyJSON iOS Tests.xctest */ = {
			isa = PBXReferenceProxy;
			fileType = wrapper.cfbundle;
			path = "SwiftyJSON iOS Tests.xctest";
			remoteRef = C172179C20E02B3500ABC2DF /* PBXContainerItemProxy */;
			sourceTree = BUILT_PRODUCTS_DIR;
		};
		C172179F20E02B3500ABC2DF /* SwiftyJSON.framework */ = {
			isa = PBXReferenceProxy;
			fileType = wrapper.framework;
			path = SwiftyJSON.framework;
			remoteRef = C172179E20E02B3500ABC2DF /* PBXContainerItemProxy */;
			sourceTree = BUILT_PRODUCTS_DIR;
		};
		C17217A120E02B3500ABC2DF /* SwiftyJSON macOS Tests.xctest */ = {
			isa = PBXReferenceProxy;
			fileType = wrapper.cfbundle;
			path = "SwiftyJSON macOS Tests.xctest";
			remoteRef = C17217A020E02B3500ABC2DF /* PBXContainerItemProxy */;
			sourceTree = BUILT_PRODUCTS_DIR;
		};
		C17217A320E02B3500ABC2DF /* SwiftyJSON.framework */ = {
			isa = PBXReferenceProxy;
			fileType = wrapper.framework;
			path = SwiftyJSON.framework;
			remoteRef = C17217A220E02B3500ABC2DF /* PBXContainerItemProxy */;
			sourceTree = BUILT_PRODUCTS_DIR;
		};
		C17217A520E02B3500ABC2DF /* SwiftyJSON.framework */ = {
			isa = PBXReferenceProxy;
			fileType = wrapper.framework;
			path = SwiftyJSON.framework;
			remoteRef = C17217A420E02B3500ABC2DF /* PBXContainerItemProxy */;
			sourceTree = BUILT_PRODUCTS_DIR;
		};
		C17217A720E02B3500ABC2DF /* SwiftyJSON tvOS Tests.xctest */ = {
			isa = PBXReferenceProxy;
			fileType = wrapper.cfbundle;
			path = "SwiftyJSON tvOS Tests.xctest";
			remoteRef = C17217A620E02B3500ABC2DF /* PBXContainerItemProxy */;
			sourceTree = BUILT_PRODUCTS_DIR;
		};
/* End PBXReferenceProxy section */

/* Begin PBXResourcesBuildPhase section */
		9D8E008820B86F3000B41BDE /* Resources */ = {
			isa = PBXResourcesBuildPhase;
			buildActionMask = 2147483647;
			files = (
				9D8E009B20B86F3600B41BDE /* LaunchScreen.storyboard in Resources */,
				9D8E009820B86F3600B41BDE /* Assets.xcassets in Resources */,
				9D8E009320B86F3100B41BDE /* Main.storyboard in Resources */,
			);
			runOnlyForDeploymentPostprocessing = 0;
		};
/* End PBXResourcesBuildPhase section */

/* Begin PBXSourcesBuildPhase section */
		9D8E008620B86F3000B41BDE /* Sources */ = {
			isa = PBXSourcesBuildPhase;
			buildActionMask = 2147483647;
			files = (
				9D8E009020B86F3000B41BDE /* ViewController.swift in Sources */,
				9D8E009620B86F3100B41BDE /* crescendo_ios.xcdatamodeld in Sources */,
				C155153020C43EA500384852 /* Artist.swift in Sources */,
				C172175620E01C8F00ABC2DF /* FavoritesTableViewController.swift in Sources */,
				9D8E008E20B86F3000B41BDE /* AppDelegate.swift in Sources */,
				C10E5CF020E00D0E008FB670 /* ArtistDetailViewController.swift in Sources */,
				C10E5CEE20DFF952008FB670 /* ArtistsTableViewController.swift in Sources */,
				C172175B20E0255900ABC2DF /* CrescendoApi.swift in Sources */,
				C172175820E01EE500ABC2DF /* Artwork.swift in Sources */,
				C155153220C43EE200384852 /* ArtistViewController.swift in Sources */,
				C17217B620E048F300ABC2DF /* ArtworkViewController.swift in Sources */,
			);
			runOnlyForDeploymentPostprocessing = 0;
		};
/* End PBXSourcesBuildPhase section */

/* Begin PBXTargetDependency section */
		C17217AB20E02B4400ABC2DF /* PBXTargetDependency */ = {
			isa = PBXTargetDependency;
			name = "SwiftyJSON iOS";
			targetProxy = C17217AA20E02B4400ABC2DF /* PBXContainerItemProxy */;
		};
		C17217B020E02B4A00ABC2DF /* PBXTargetDependency */ = {
			isa = PBXTargetDependency;
			name = "AlamofireImage iOS";
			targetProxy = C17217AF20E02B4A00ABC2DF /* PBXContainerItemProxy */;
		};
		C17217B420E02B5000ABC2DF /* PBXTargetDependency */ = {
			isa = PBXTargetDependency;
			name = "Alamofire iOS";
			targetProxy = C17217B320E02B5000ABC2DF /* PBXContainerItemProxy */;
		};
/* End PBXTargetDependency section */

/* Begin PBXVariantGroup section */
		9D8E009120B86F3100B41BDE /* Main.storyboard */ = {
			isa = PBXVariantGroup;
			children = (
				9D8E009220B86F3100B41BDE /* Base */,
			);
			name = Main.storyboard;
			sourceTree = "<group>";
		};
		9D8E009920B86F3600B41BDE /* LaunchScreen.storyboard */ = {
			isa = PBXVariantGroup;
			children = (
				9D8E009A20B86F3600B41BDE /* Base */,
			);
			name = LaunchScreen.storyboard;
			sourceTree = "<group>";
		};
/* End PBXVariantGroup section */

/* Begin XCBuildConfiguration section */
		9D8E009D20B86F3600B41BDE /* Debug */ = {
			isa = XCBuildConfiguration;
			buildSettings = {
				ALWAYS_SEARCH_USER_PATHS = NO;
				CLANG_ANALYZER_NONNULL = YES;
				CLANG_ANALYZER_NUMBER_OBJECT_CONVERSION = YES_AGGRESSIVE;
				CLANG_CXX_LANGUAGE_STANDARD = "gnu++14";
				CLANG_CXX_LIBRARY = "libc++";
				CLANG_ENABLE_MODULES = YES;
				CLANG_ENABLE_OBJC_ARC = YES;
				CLANG_ENABLE_OBJC_WEAK = YES;
				CLANG_WARN_BLOCK_CAPTURE_AUTORELEASING = YES;
				CLANG_WARN_BOOL_CONVERSION = YES;
				CLANG_WARN_COMMA = YES;
				CLANG_WARN_CONSTANT_CONVERSION = YES;
				CLANG_WARN_DEPRECATED_OBJC_IMPLEMENTATIONS = YES;
				CLANG_WARN_DIRECT_OBJC_ISA_USAGE = YES_ERROR;
				CLANG_WARN_DOCUMENTATION_COMMENTS = YES;
				CLANG_WARN_EMPTY_BODY = YES;
				CLANG_WARN_ENUM_CONVERSION = YES;
				CLANG_WARN_INFINITE_RECURSION = YES;
				CLANG_WARN_INT_CONVERSION = YES;
				CLANG_WARN_NON_LITERAL_NULL_CONVERSION = YES;
				CLANG_WARN_OBJC_IMPLICIT_RETAIN_SELF = YES;
				CLANG_WARN_OBJC_LITERAL_CONVERSION = YES;
				CLANG_WARN_OBJC_ROOT_CLASS = YES_ERROR;
				CLANG_WARN_RANGE_LOOP_ANALYSIS = YES;
				CLANG_WARN_STRICT_PROTOTYPES = YES;
				CLANG_WARN_SUSPICIOUS_MOVE = YES;
				CLANG_WARN_UNGUARDED_AVAILABILITY = YES_AGGRESSIVE;
				CLANG_WARN_UNREACHABLE_CODE = YES;
				CLANG_WARN__DUPLICATE_METHOD_MATCH = YES;
				CODE_SIGN_IDENTITY = "iPhone Developer";
				COPY_PHASE_STRIP = NO;
				DEBUG_INFORMATION_FORMAT = dwarf;
				ENABLE_STRICT_OBJC_MSGSEND = YES;
				ENABLE_TESTABILITY = YES;
				GCC_C_LANGUAGE_STANDARD = gnu11;
				GCC_DYNAMIC_NO_PIC = NO;
				GCC_NO_COMMON_BLOCKS = YES;
				GCC_OPTIMIZATION_LEVEL = 0;
				GCC_PREPROCESSOR_DEFINITIONS = (
					"DEBUG=1",
					"$(inherited)",
				);
				GCC_WARN_64_TO_32_BIT_CONVERSION = YES;
				GCC_WARN_ABOUT_RETURN_TYPE = YES_ERROR;
				GCC_WARN_UNDECLARED_SELECTOR = YES;
				GCC_WARN_UNINITIALIZED_AUTOS = YES_AGGRESSIVE;
				GCC_WARN_UNUSED_FUNCTION = YES;
				GCC_WARN_UNUSED_VARIABLE = YES;
				IPHONEOS_DEPLOYMENT_TARGET = 11.3;
				MTL_ENABLE_DEBUG_INFO = YES;
				ONLY_ACTIVE_ARCH = YES;
				SDKROOT = iphoneos;
				SWIFT_ACTIVE_COMPILATION_CONDITIONS = DEBUG;
				SWIFT_OPTIMIZATION_LEVEL = "-Onone";
			};
			name = Debug;
		};
		9D8E009E20B86F3600B41BDE /* Release */ = {
			isa = XCBuildConfiguration;
			buildSettings = {
				ALWAYS_SEARCH_USER_PATHS = NO;
				CLANG_ANALYZER_NONNULL = YES;
				CLANG_ANALYZER_NUMBER_OBJECT_CONVERSION = YES_AGGRESSIVE;
				CLANG_CXX_LANGUAGE_STANDARD = "gnu++14";
				CLANG_CXX_LIBRARY = "libc++";
				CLANG_ENABLE_MODULES = YES;
				CLANG_ENABLE_OBJC_ARC = YES;
				CLANG_ENABLE_OBJC_WEAK = YES;
				CLANG_WARN_BLOCK_CAPTURE_AUTORELEASING = YES;
				CLANG_WARN_BOOL_CONVERSION = YES;
				CLANG_WARN_COMMA = YES;
				CLANG_WARN_CONSTANT_CONVERSION = YES;
				CLANG_WARN_DEPRECATED_OBJC_IMPLEMENTATIONS = YES;
				CLANG_WARN_DIRECT_OBJC_ISA_USAGE = YES_ERROR;
				CLANG_WARN_DOCUMENTATION_COMMENTS = YES;
				CLANG_WARN_EMPTY_BODY = YES;
				CLANG_WARN_ENUM_CONVERSION = YES;
				CLANG_WARN_INFINITE_RECURSION = YES;
				CLANG_WARN_INT_CONVERSION = YES;
				CLANG_WARN_NON_LITERAL_NULL_CONVERSION = YES;
				CLANG_WARN_OBJC_IMPLICIT_RETAIN_SELF = YES;
				CLANG_WARN_OBJC_LITERAL_CONVERSION = YES;
				CLANG_WARN_OBJC_ROOT_CLASS = YES_ERROR;
				CLANG_WARN_RANGE_LOOP_ANALYSIS = YES;
				CLANG_WARN_STRICT_PROTOTYPES = YES;
				CLANG_WARN_SUSPICIOUS_MOVE = YES;
				CLANG_WARN_UNGUARDED_AVAILABILITY = YES_AGGRESSIVE;
				CLANG_WARN_UNREACHABLE_CODE = YES;
				CLANG_WARN__DUPLICATE_METHOD_MATCH = YES;
				CODE_SIGN_IDENTITY = "iPhone Developer";
				COPY_PHASE_STRIP = NO;
				DEBUG_INFORMATION_FORMAT = "dwarf-with-dsym";
				ENABLE_NS_ASSERTIONS = NO;
				ENABLE_STRICT_OBJC_MSGSEND = YES;
				GCC_C_LANGUAGE_STANDARD = gnu11;
				GCC_NO_COMMON_BLOCKS = YES;
				GCC_WARN_64_TO_32_BIT_CONVERSION = YES;
				GCC_WARN_ABOUT_RETURN_TYPE = YES_ERROR;
				GCC_WARN_UNDECLARED_SELECTOR = YES;
				GCC_WARN_UNINITIALIZED_AUTOS = YES_AGGRESSIVE;
				GCC_WARN_UNUSED_FUNCTION = YES;
				GCC_WARN_UNUSED_VARIABLE = YES;
				IPHONEOS_DEPLOYMENT_TARGET = 11.3;
				MTL_ENABLE_DEBUG_INFO = NO;
				SDKROOT = iphoneos;
				SWIFT_COMPILATION_MODE = wholemodule;
				SWIFT_OPTIMIZATION_LEVEL = "-O";
				VALIDATE_PRODUCT = YES;
			};
			name = Release;
		};
		9D8E00A020B86F3600B41BDE /* Debug */ = {
			isa = XCBuildConfiguration;
			buildSettings = {
				ALWAYS_EMBED_SWIFT_STANDARD_LIBRARIES = YES;
				ASSETCATALOG_COMPILER_APPICON_NAME = AppIcon;
				CODE_SIGN_STYLE = Automatic;
				DEVELOPMENT_TEAM = GUS5CNHZJR;
				INFOPLIST_FILE = "crescendo-ios/Info.plist";
				LD_RUNPATH_SEARCH_PATHS = (
					"$(inherited)",
					"@executable_path/Frameworks",
				);
				PRODUCT_BUNDLE_IDENTIFIER = "com.forkd.crescendo-ios";
				PRODUCT_NAME = "$(TARGET_NAME)";
				SWIFT_VERSION = 4.0;
				TARGETED_DEVICE_FAMILY = 1;
			};
			name = Debug;
		};
		9D8E00A120B86F3600B41BDE /* Release */ = {
			isa = XCBuildConfiguration;
			buildSettings = {
				ALWAYS_EMBED_SWIFT_STANDARD_LIBRARIES = YES;
				ASSETCATALOG_COMPILER_APPICON_NAME = AppIcon;
				CODE_SIGN_STYLE = Automatic;
				DEVELOPMENT_TEAM = GUS5CNHZJR;
				INFOPLIST_FILE = "crescendo-ios/Info.plist";
				LD_RUNPATH_SEARCH_PATHS = (
					"$(inherited)",
					"@executable_path/Frameworks",
				);
				PRODUCT_BUNDLE_IDENTIFIER = "com.forkd.crescendo-ios";
				PRODUCT_NAME = "$(TARGET_NAME)";
				SWIFT_VERSION = 4.0;
				TARGETED_DEVICE_FAMILY = 1;
			};
			name = Release;
		};
/* End XCBuildConfiguration section */

/* Begin XCConfigurationList section */
		9D8E008520B86F3000B41BDE /* Build configuration list for PBXProject "crescendo-ios" */ = {
			isa = XCConfigurationList;
			buildConfigurations = (
				9D8E009D20B86F3600B41BDE /* Debug */,
				9D8E009E20B86F3600B41BDE /* Release */,
			);
			defaultConfigurationIsVisible = 0;
			defaultConfigurationName = Release;
		};
		9D8E009F20B86F3600B41BDE /* Build configuration list for PBXNativeTarget "crescendo-ios" */ = {
			isa = XCConfigurationList;
			buildConfigurations = (
				9D8E00A020B86F3600B41BDE /* Debug */,
				9D8E00A120B86F3600B41BDE /* Release */,
			);
			defaultConfigurationIsVisible = 0;
			defaultConfigurationName = Release;
		};
/* End XCConfigurationList section */

/* Begin XCVersionGroup section */
		9D8E009420B86F3100B41BDE /* crescendo_ios.xcdatamodeld */ = {
			isa = XCVersionGroup;
			children = (
				9D8E009520B86F3100B41BDE /* crescendo_ios.xcdatamodel */,
			);
			currentVersion = 9D8E009520B86F3100B41BDE /* crescendo_ios.xcdatamodel */;
			path = crescendo_ios.xcdatamodeld;
			sourceTree = "<group>";
			versionGroupType = wrapper.xcdatamodel;
		};
/* End XCVersionGroup section */
	};
	rootObject = 9D8E008220B86F3000B41BDE /* Project object */;
}
